
Microsoft Visual Studio Solution File, Format Version 12.00
# Visual Studio 2013
VisualStudioVersion = 12.0.30723.0
MinimumVisualStudioVersion = 10.0.40219.1
Project("{2150E333-8FDC-42A3-9474-1A3956D46DE8}") = ".nuget", ".nuget", "{909635B5-687B-4B22-B758-F9651084EA17}"
	ProjectSection(SolutionItems) = preProject
		.nuget\NuGet.Config = .nuget\NuGet.Config
		.nuget\NuGet.exe = .nuget\NuGet.exe
		.nuget\NuGet.targets = .nuget\NuGet.targets
	EndProjectSection
EndProject
Project("{FAE04EC0-301F-11D3-BF4B-00C04F79EFBC}") = "insomnia.Api", "insomnia.Api\insomnia.Api.csproj", "{5144EEE4-05B5-4759-8C6C-D1FEE601C8AC}"
EndProject
Project("{FAE04EC0-301F-11D3-BF4B-00C04F79EFBC}") = "insomnia.Test", "insomnia.Test\insomnia.Test.csproj", "{CCD601AB-6295-4C11-AF6B-1A1EAB5BBE2E}"
EndProject
Project("{FAE04EC0-301F-11D3-BF4B-00C04F79EFBC}") = "insomnia.Client", "insomnia.Client\insomnia.Client.csproj", "{D5CB3BED-FF47-4437-BE7D-E903F5C0DCE7}"
EndProject
Global
	GlobalSection(SolutionConfigurationPlatforms) = preSolution
		Debug|Any CPU = Debug|Any CPU
		Release|Any CPU = Release|Any CPU
	EndGlobalSection
	GlobalSection(ProjectConfigurationPlatforms) = postSolution
		{5144EEE4-05B5-4759-8C6C-D1FEE601C8AC}.Debug|Any CPU.ActiveCfg = Debug|Any CPU
		{5144EEE4-05B5-4759-8C6C-D1FEE601C8AC}.Debug|Any CPU.Build.0 = Debug|Any CPU
		{5144EEE4-05B5-4759-8C6C-D1FEE601C8AC}.Release|Any CPU.ActiveCfg = Release|Any CPU
		{5144EEE4-05B5-4759-8C6C-D1FEE601C8AC}.Release|Any CPU.Build.0 = Release|Any CPU
		{CCD601AB-6295-4C11-AF6B-1A1EAB5BBE2E}.Debug|Any CPU.ActiveCfg = Debug|Any CPU
		{CCD601AB-6295-4C11-AF6B-1A1EAB5BBE2E}.Debug|Any CPU.Build.0 = Debug|Any CPU
		{CCD601AB-6295-4C11-AF6B-1A1EAB5BBE2E}.Release|Any CPU.ActiveCfg = Release|Any CPU
		{CCD601AB-6295-4C11-AF6B-1A1EAB5BBE2E}.Release|Any CPU.Build.0 = Release|Any CPU
		{D5CB3BED-FF47-4437-BE7D-E903F5C0DCE7}.Debug|Any CPU.ActiveCfg = Debug|Any CPU
		{D5CB3BED-FF47-4437-BE7D-E903F5C0DCE7}.Debug|Any CPU.Build.0 = Debug|Any CPU
		{D5CB3BED-FF47-4437-BE7D-E903F5C0DCE7}.Release|Any CPU.ActiveCfg = Release|Any CPU
		{D5CB3BED-FF47-4437-BE7D-E903F5C0DCE7}.Release|Any CPU.Build.0 = Release|Any CPU
	EndGlobalSection
	GlobalSection(SolutionProperties) = preSolution
		HideSolutionNode = FALSE
	EndGlobalSection
EndGlobal
